
Microsoft Visual Studio Solution File, Format Version 12.00
# Visual Studio 15
VisualStudioVersion = 15.0.26730.12
MinimumVisualStudioVersion = 10.0.40219.1
Project("{FAE04EC0-301F-11D3-BF4B-00C04F79EFBC}") = "octagon_studio", "octagon_studio\octagon_studio.csproj", "{3177A096-1222-4CF7-A96A-FDA47B49F1EC}"
EndProject
Global
	GlobalSection(SolutionConfigurationPlatforms) = preSolution
		Debug|Any CPU = Debug|Any CPU
		Release|Any CPU = Release|Any CPU
	EndGlobalSection
	GlobalSection(ProjectConfigurationPlatforms) = postSolution
		{3177A096-1222-4CF7-A96A-FDA47B49F1EC}.Debug|Any CPU.ActiveCfg = Debug|Any CPU
		{3177A096-1222-4CF7-A96A-FDA47B49F1EC}.Debug|Any CPU.Build.0 = Debug|Any CPU
		{3177A096-1222-4CF7-A96A-FDA47B49F1EC}.Release|Any CPU.ActiveCfg = Release|Any CPU
		{3177A096-1222-4CF7-A96A-FDA47B49F1EC}.Release|Any CPU.Build.0 = Release|Any CPU
	EndGlobalSection
	GlobalSection(SolutionProperties) = preSolution
		HideSolutionNode = FALSE
	EndGlobalSection
	GlobalSection(ExtensibilityGlobals) = postSolution
		SolutionGuid = {E42CE798-03A5-4E4A-A646-89E5377941C0}
	EndGlobalSection
EndGlobal
